{
  "name": "omni",
  "version": "4.7.1",
  "lockfileVersion": 3,
  "requires": true,
  "packages": {
    "": {
      "name": "omni",
      "version": "4.7.1",
      "hasInstallScript": true,
      "license": "MIT",
      "os": [
        "android"
      ],
      "bin": {
        "catalyst": "omni/bin/catalyst",
        "omni": "omni/bin/omni"
      }
    }
  }
}
